{
  "nodes": {
    "flake-utils": {
      "inputs": {
        "systems": "systems"
      },
      "locked": {
        "lastModified": 1731533236,
        "narHash": "sha256-l0KFg5HjrsfsO/JpG+r7fRrqm12kzFHyUHqHCVpMMbI=",
        "owner": "numtide",
        "repo": "flake-utils",
        "rev": "11707dc2f618dd54ca8739b309ec4fc024de578b",
        "type": "github"
      },
      "original": {
        "owner": "numtide",
        "repo": "flake-utils",
        "type": "github"
      }
    },
    "nixpkgs": {
      "locked": {
        "lastModified": 1764902977,
        "narHash": "sha256-siiI7iyO5/DfAYvjtK32ZkAYkdA4ZIp+CJW3WUrara0=",
        "owner": "mkellyxp",
        "repo": "nixpkgs",
        "rev": "a41dcf96452bb68c0ca27f59114d1c5f0e002cc5",
        "type": "github"
      },
      "original": {
        "owner": "mkellyxp",
        "ref": "nixos-25.11",
        "repo": "nixpkgs",
        "type": "github"
      }
    },
    "nixpkgsTesting": {
      "locked": {
        "lastModified": 1764905725,
        "narHash": "sha256-4kWnKaCX5/0puaQBE0A8Zr6POeJpeoeAGYxad787ayM=",
        "owner": "mkellyxp",
        "repo": "nixpkgs",
        "rev": "f9cc85d9b7c30823494d0107e81801e25f6b352c",
        "type": "github"
      },
      "original": {
        "owner": "mkellyxp",
        "ref": "testing",
        "repo": "nixpkgs",
        "type": "github"
      }
    },
    "root": {
      "inputs": {
        "flake-utils": "flake-utils",
        "nixpkgs": "nixpkgs",
        "nixpkgsTesting": "nixpkgsTesting"
      }
    },
    "systems": {
      "locked": {
        "lastModified": 1681028828,
        "narHash": "sha256-Vy1rq5AaRuLzOxct8nz4T6wlgyUR7zLU309k9mBC768=",
        "owner": "nix-systems",
        "repo": "default",
        "rev": "da67096a3b9bf56a91d16901293e51ba5b49a27e",
        "type": "github"
      },
      "original": {
        "owner": "nix-systems",
        "repo": "default",
        "type": "github"
      }
    }
  },
  "root": "root",
  "version": 7
}
